
Microsoft Visual Studio Solution File, Format Version 12.00
# Visual Studio Version 16
VisualStudioVersion = 16.0.31702.278
MinimumVisualStudioVersion = 10.0.40219.1
Project("{FAE04EC0-301F-11D3-BF4B-00C04F79EFBC}") = "Hoviedo.Api.Blog", "Hoviedo.Api.Blog.csproj", "{7E7C6B2F-7F9A-466D-8FE6-61FBC71A1A55}"
EndProject
Global
	GlobalSection(SolutionConfigurationPlatforms) = preSolution
		Debug|Any CPU = Debug|Any CPU
		Release|Any CPU = Release|Any CPU
	EndGlobalSection
	GlobalSection(ProjectConfigurationPlatforms) = postSolution
		{7E7C6B2F-7F9A-466D-8FE6-61FBC71A1A55}.Debug|Any CPU.ActiveCfg = Debug|Any CPU
		{7E7C6B2F-7F9A-466D-8FE6-61FBC71A1A55}.Debug|Any CPU.Build.0 = Debug|Any CPU
		{7E7C6B2F-7F9A-466D-8FE6-61FBC71A1A55}.Release|Any CPU.ActiveCfg = Release|Any CPU
		{7E7C6B2F-7F9A-466D-8FE6-61FBC71A1A55}.Release|Any CPU.Build.0 = Release|Any CPU
	EndGlobalSection
	GlobalSection(SolutionProperties) = preSolution
		HideSolutionNode = FALSE
	EndGlobalSection
	GlobalSection(ExtensibilityGlobals) = postSolution
		SolutionGuid = {589E87EB-5B2A-4CD2-9AB6-43B930D02834}
	EndGlobalSection
EndGlobal
